// !$*UTF8*$!
{
	archiveVersion = 1;
	classes = {
	};
	objectVersion = 46;
	objects = {

/* Begin PBXBuildFile section */
		055641621D223EC100D7AB0E /* AppDelegate.swift in Sources */ = {isa = PBXBuildFile; fileRef = 055641611D223EC100D7AB0E /* AppDelegate.swift */; };
		055641641D223EC100D7AB0E /* ViewController.swift in Sources */ = {isa = PBXBuildFile; fileRef = 055641631D223EC100D7AB0E /* ViewController.swift */; };
		055641671D223EC100D7AB0E /* Main.storyboard in Resources */ = {isa = PBXBuildFile; fileRef = 055641651D223EC100D7AB0E /* Main.storyboard */; };
		055641691D223EC100D7AB0E /* Assets.xcassets in Resources */ = {isa = PBXBuildFile; fileRef = 055641681D223EC100D7AB0E /* Assets.xcassets */; };
		0556416C1D223EC100D7AB0E /* LaunchScreen.storyboard in Resources */ = {isa = PBXBuildFile; fileRef = 0556416A1D223EC100D7AB0E /* LaunchScreen.storyboard */; };
		055641771D223EC100D7AB0E /* YFScaleScrollView_SwiftTests.swift in Sources */ = {isa = PBXBuildFile; fileRef = 055641761D223EC100D7AB0E /* YFScaleScrollView_SwiftTests.swift */; };
		055641821D223EC100D7AB0E /* YFScaleScrollView_SwiftUITests.swift in Sources */ = {isa = PBXBuildFile; fileRef = 055641811D223EC100D7AB0E /* YFScaleScrollView_SwiftUITests.swift */; };
		055641911D223EEF00D7AB0E /* YFScrollView.swift in Sources */ = {isa = PBXBuildFile; fileRef = 055641901D223EEF00D7AB0E /* YFScrollView.swift */; };
		055641931D223F7500D7AB0E /* YFScaleView.swift in Sources */ = {isa = PBXBuildFile; fileRef = 055641921D223F7500D7AB0E /* YFScaleView.swift */; };
		055641971D2252F800D7AB0E /* 1.jpg in Resources */ = {isa = PBXBuildFile; fileRef = 055641941D2252F800D7AB0E /* 1.jpg */; };
		055641981D2252F800D7AB0E /* 2.PNG in Resources */ = {isa = PBXBuildFile; fileRef = 055641951D2252F800D7AB0E /* 2.PNG */; };
		055641991D2252F800D7AB0E /* 3.jpg in Resources */ = {isa = PBXBuildFile; fileRef = 055641961D2252F800D7AB0E /* 3.jpg */; };
/* End PBXBuildFile section */

/* Begin PBXContainerItemProxy section */
		055641731D223EC100D7AB0E /* PBXContainerItemProxy */ = {
			isa = PBXContainerItemProxy;
			containerPortal = 055641561D223EC100D7AB0E /* Project object */;
			proxyType = 1;
			remoteGlobalIDString = 0556415D1D223EC100D7AB0E;
			remoteInfo = "YFScaleScrollView-Swift";
		};
		0556417E1D223EC100D7AB0E /* PBXContainerItemProxy */ = {
			isa = PBXContainerItemProxy;
			containerPortal = 055641561D223EC100D7AB0E /* Project object */;
			proxyType = 1;
			remoteGlobalIDString = 0556415D1D223EC100D7AB0E;
			remoteInfo = "YFScaleScrollView-Swift";
		};
/* End PBXContainerItemProxy section */

/* Begin PBXFileReference section */
		0556415E1D223EC100D7AB0E /* YFScaleScrollView-Swift.app */ = {isa = PBXFileReference; explicitFileType = wrapper.application; includeInIndex = 0; path = "YFScaleScrollView-Swift.app"; sourceTree = BUILT_PRODUCTS_DIR; };
		055641611D223EC100D7AB0E /* AppDelegate.swift */ = {isa = PBXFileReference; lastKnownFileType = sourcecode.swift; path = AppDelegate.swift; sourceTree = "<group>"; };
		055641631D223EC100D7AB0E /* ViewController.swift */ = {isa = PBXFileReference; lastKnownFileType = sourcecode.swift; path = ViewController.swift; sourceTree = "<group>"; };
		055641661D223EC100D7AB0E /* Base */ = {isa = PBXFileReference; lastKnownFileType = file.storyboard; name = Base; path = Base.lproj/Main.storyboard; sourceTree = "<group>"; };
		055641681D223EC100D7AB0E /* Assets.xcassets */ = {isa = PBXFileReference; lastKnownFileType = folder.assetcatalog; path = Assets.xcassets; sourceTree = "<group>"; };
		0556416B1D223EC100D7AB0E /* Base */ = {isa = PBXFileReference; lastKnownFileType = file.storyboard; name = Base; path = Base.lproj/LaunchScreen.storyboard; sourceTree = "<group>"; };
		0556416D1D223EC100D7AB0E /* Info.plist */ = {isa = PBXFileReference; lastKnownFileType = text.plist.xml; path = Info.plist; sourceTree = "<group>"; };
		055641721D223EC100D7AB0E /* YFScaleScrollView-SwiftTests.xctest */ = {isa = PBXFileReference; explicitFileType = wrapper.cfbundle; includeInIndex = 0; path = "YFScaleScrollView-SwiftTests.xctest"; sourceTree = BUILT_PRODUCTS_DIR; };
		055641761D223EC100D7AB0E /* YFScaleScrollView_SwiftTests.swift */ = {isa = PBXFileReference; lastKnownFileType = sourcecode.swift; path = YFScaleScrollView_SwiftTests.swift; sourceTree = "<group>"; };
		055641781D223EC100D7AB0E /* Info.plist */ = {isa = PBXFileReference; lastKnownFileType = text.plist.xml; path = Info.plist; sourceTree = "<group>"; };
		0556417D1D223EC100D7AB0E /* YFScaleScrollView-SwiftUITests.xctest */ = {isa = PBXFileReference; explicitFileType = wrapper.cfbundle; includeInIndex = 0; path = "YFScaleScrollView-SwiftUITests.xctest"; sourceTree = BUILT_PRODUCTS_DIR; };
		055641811D223EC100D7AB0E /* YFScaleScrollView_SwiftUITests.swift */ = {isa = PBXFileReference; lastKnownFileType = sourcecode.swift; path = YFScaleScrollView_SwiftUITests.swift; sourceTree = "<group>"; };
		055641831D223EC100D7AB0E /* Info.plist */ = {isa = PBXFileReference; lastKnownFileType = text.plist.xml; path = Info.plist; sourceTree = "<group>"; };
		055641901D223EEF00D7AB0E /* YFScrollView.swift */ = {isa = PBXFileReference; fileEncoding = 4; lastKnownFileType = sourcecode.swift; path = YFScrollView.swift; sourceTree = "<group>"; };
		055641921D223F7500D7AB0E /* YFScaleView.swift */ = {isa = PBXFileReference; fileEncoding = 4; lastKnownFileType = sourcecode.swift; path = YFScaleView.swift; sourceTree = "<group>"; };
		055641941D2252F800D7AB0E /* 1.jpg */ = {isa = PBXFileReference; lastKnownFileType = image.jpeg; path = 1.jpg; sourceTree = "<group>"; };
		055641951D2252F800D7AB0E /* 2.PNG */ = {isa = PBXFileReference; lastKnownFileType = image.png; path = 2.PNG; sourceTree = "<group>"; };
		055641961D2252F800D7AB0E /* 3.jpg */ = {isa = PBXFileReference; lastKnownFileType = image.jpeg; path = 3.jpg; sourceTree = "<group>"; };
/* End PBXFileReference section */

/* Begin PBXFrameworksBuildPhase section */
		0556415B1D223EC100D7AB0E /* Frameworks */ = {
			isa = PBXFrameworksBuildPhase;
			buildActionMask = 2147483647;
			files = (
			);
			runOnlyForDeploymentPostprocessing = 0;
		};
		0556416F1D223EC100D7AB0E /* Frameworks */ = {
			isa = PBXFrameworksBuildPhase;
			buildActionMask = 2147483647;
			files = (
			);
			runOnlyForDeploymentPostprocessing = 0;
		};
		0556417A1D223EC100D7AB0E /* Frameworks */ = {
			isa = PBXFrameworksBuildPhase;
			buildActionMask = 2147483647;
			files = (
			);
			runOnlyForDeploymentPostprocessing = 0;
		};
/* End PBXFrameworksBuildPhase section */

/* Begin PBXGroup section */
		055641551D223EC100D7AB0E = {
			isa = PBXGroup;
			children = (
				055641601D223EC100D7AB0E /* YFScaleScrollView-Swift */,
				055641751D223EC100D7AB0E /* YFScaleScrollView-SwiftTests */,
				055641801D223EC100D7AB0E /* YFScaleScrollView-SwiftUITests */,
				0556415F1D223EC100D7AB0E /* Products */,
			);
			sourceTree = "<group>";
		};
		0556415F1D223EC100D7AB0E /* Products */ = {
			isa = PBXGroup;
			children = (
				0556415E1D223EC100D7AB0E /* YFScaleScrollView-Swift.app */,
				055641721D223EC100D7AB0E /* YFScaleScrollView-SwiftTests.xctest */,
				0556417D1D223EC100D7AB0E /* YFScaleScrollView-SwiftUITests.xctest */,
			);
			name = Products;
			sourceTree = "<group>";
		};
		055641601D223EC100D7AB0E /* YFScaleScrollView-Swift */ = {
			isa = PBXGroup;
			children = (
				055641941D2252F800D7AB0E /* 1.jpg */,
				055641951D2252F800D7AB0E /* 2.PNG */,
				055641961D2252F800D7AB0E /* 3.jpg */,
				0556418F1D223ED100D7AB0E /* Core */,
				055641611D223EC100D7AB0E /* AppDelegate.swift */,
				055641631D223EC100D7AB0E /* ViewController.swift */,
				055641651D223EC100D7AB0E /* Main.storyboard */,
				055641681D223EC100D7AB0E /* Assets.xcassets */,
				0556416A1D223EC100D7AB0E /* LaunchScreen.storyboard */,
				0556416D1D223EC100D7AB0E /* Info.plist */,
			);
			path = "YFScaleScrollView-Swift";
			sourceTree = "<group>";
		};
		055641751D223EC100D7AB0E /* YFScaleScrollView-SwiftTests */ = {
			isa = PBXGroup;
			children = (
				055641761D223EC100D7AB0E /* YFScaleScrollView_SwiftTests.swift */,
				055641781D223EC100D7AB0E /* Info.plist */,
			);
			path = "YFScaleScrollView-SwiftTests";
			sourceTree = "<group>";
		};
		055641801D223EC100D7AB0E /* YFScaleScrollView-SwiftUITests */ = {
			isa = PBXGroup;
			children = (
				055641811D223EC100D7AB0E /* YFScaleScrollView_SwiftUITests.swift */,
				055641831D223EC100D7AB0E /* Info.plist */,
			);
			path = "YFScaleScrollView-SwiftUITests";
			sourceTree = "<group>";
		};
		0556418F1D223ED100D7AB0E /* Core */ = {
			isa = PBXGroup;
			children = (
				055641901D223EEF00D7AB0E /* YFScrollView.swift */,
				055641921D223F7500D7AB0E /* YFScaleView.swift */,
			);
			path = Core;
			sourceTree = "<group>";
		};
/* End PBXGroup section */

/* Begin PBXNativeTarget section */
		0556415D1D223EC100D7AB0E /* YFScaleScrollView-Swift */ = {
			isa = PBXNativeTarget;
			buildConfigurationList = 055641861D223EC100D7AB0E /* Build configuration list for PBXNativeTarget "YFScaleScrollView-Swift" */;
			buildPhases = (
				0556415A1D223EC100D7AB0E /* Sources */,
				0556415B1D223EC100D7AB0E /* Frameworks */,
				0556415C1D223EC100D7AB0E /* Resources */,
			);
			buildRules = (
			);
			dependencies = (
			);
			name = "YFScaleScrollView-Swift";
			productName = "YFScaleScrollView-Swift";
			productReference = 0556415E1D223EC100D7AB0E /* YFScaleScrollView-Swift.app */;
			productType = "com.apple.product-type.application";
		};
		055641711D223EC100D7AB0E /* YFScaleScrollView-SwiftTests */ = {
			isa = PBXNativeTarget;
			buildConfigurationList = 055641891D223EC100D7AB0E /* Build configuration list for PBXNativeTarget "YFScaleScrollView-SwiftTests" */;
			buildPhases = (
				0556416E1D223EC100D7AB0E /* Sources */,
				0556416F1D223EC100D7AB0E /* Frameworks */,
				055641701D223EC100D7AB0E /* Resources */,
			);
			buildRules = (
			);
			dependencies = (
				055641741D223EC100D7AB0E /* PBXTargetDependency */,
			);
			name = "YFScaleScrollView-SwiftTests";
			productName = "YFScaleScrollView-SwiftTests";
			productReference = 055641721D223EC100D7AB0E /* YFScaleScrollView-SwiftTests.xctest */;
			productType = "com.apple.product-type.bundle.unit-test";
		};
		0556417C1D223EC100D7AB0E /* YFScaleScrollView-SwiftUITests */ = {
			isa = PBXNativeTarget;
			buildConfigurationList = 0556418C1D223EC100D7AB0E /* Build configuration list for PBXNativeTarget "YFScaleScrollView-SwiftUITests" */;
			buildPhases = (
				055641791D223EC100D7AB0E /* Sources */,
				0556417A1D223EC100D7AB0E /* Frameworks */,
				0556417B1D223EC100D7AB0E /* Resources */,
			);
			buildRules = (
			);
			dependencies = (
				0556417F1D223EC100D7AB0E /* PBXTargetDependency */,
			);
			name = "YFScaleScrollView-SwiftUITests";
			productName = "YFScaleScrollView-SwiftUITests";
			productReference = 0556417D1D223EC100D7AB0E /* YFScaleScrollView-SwiftUITests.xctest */;
			productType = "com.apple.product-type.bundle.ui-testing";
		};
/* End PBXNativeTarget section */

/* Begin PBXProject section */
		055641561D223EC100D7AB0E /* Project object */ = {
			isa = PBXProject;
			attributes = {
				LastSwiftUpdateCheck = 0730;
				LastUpgradeCheck = 0730;
				ORGANIZATIONNAME = haidai;
				TargetAttributes = {
					0556415D1D223EC100D7AB0E = {
						CreatedOnToolsVersion = 7.3;
					};
					055641711D223EC100D7AB0E = {
						CreatedOnToolsVersion = 7.3;
						TestTargetID = 0556415D1D223EC100D7AB0E;
					};
					0556417C1D223EC100D7AB0E = {
						CreatedOnToolsVersion = 7.3;
						TestTargetID = 0556415D1D223EC100D7AB0E;
					};
				};
			};
			buildConfigurationList = 055641591D223EC100D7AB0E /* Build configuration list for PBXProject "YFScaleScrollView-Swift" */;
			compatibilityVersion = "Xcode 3.2";
			developmentRegion = English;
			hasScannedForEncodings = 0;
			knownRegions = (
				en,
				Base,
			);
			mainGroup = 055641551D223EC100D7AB0E;
			productRefGroup = 0556415F1D223EC100D7AB0E /* Products */;
			projectDirPath = "";
			projectRoot = "";
			targets = (
				0556415D1D223EC100D7AB0E /* YFScaleScrollView-Swift */,
				055641711D223EC100D7AB0E /* YFScaleScrollView-SwiftTests */,
				0556417C1D223EC100D7AB0E /* YFScaleScrollView-SwiftUITests */,
			);
		};
/* End PBXProject section */

/* Begin PBXResourcesBuildPhase section */
		0556415C1D223EC100D7AB0E /* Resources */ = {
			isa = PBXResourcesBuildPhase;
			buildActionMask = 2147483647;
			files = (
				055641981D2252F800D7AB0E /* 2.PNG in Resources */,
				0556416C1D223EC100D7AB0E /* LaunchScreen.storyboard in Resources */,
				055641971D2252F800D7AB0E /* 1.jpg in Resources */,
				055641991D2252F800D7AB0E /* 3.jpg in Resources */,
				055641691D223EC100D7AB0E /* Assets.xcassets in Resources */,
				055641671D223EC100D7AB0E /* Main.storyboard in Resources */,
			);
			runOnlyForDeploymentPostprocessing = 0;
		};
		055641701D223EC100D7AB0E /* Resources */ = {
			isa = PBXResourcesBuildPhase;
			buildActionMask = 2147483647;
			files = (
			);
			runOnlyForDeploymentPostprocessing = 0;
		};
		0556417B1D223EC100D7AB0E /* Resources */ = {
			isa = PBXResourcesBuildPhase;
			buildActionMask = 2147483647;
			files = (
			);
			runOnlyForDeploymentPostprocessing = 0;
		};
/* End PBXResourcesBuildPhase section */

/* Begin PBXSourcesBuildPhase section */
		0556415A1D223EC100D7AB0E /* Sources */ = {
			isa = PBXSourcesBuildPhase;
			buildActionMask = 2147483647;
			files = (
				055641641D223EC100D7AB0E /* ViewController.swift in Sources */,
				055641621D223EC100D7AB0E /* AppDelegate.swift in Sources */,
				055641931D223F7500D7AB0E /* YFScaleView.swift in Sources */,
				055641911D223EEF00D7AB0E /* YFScrollView.swift in Sources */,
			);
			runOnlyForDeploymentPostprocessing = 0;
		};
		0556416E1D223EC100D7AB0E /* Sources */ = {
			isa = PBXSourcesBuildPhase;
			buildActionMask = 2147483647;
			files = (
				055641771D223EC100D7AB0E /* YFScaleScrollView_SwiftTests.swift in Sources */,
			);
			runOnlyForDeploymentPostprocessing = 0;
		};
		055641791D223EC100D7AB0E /* Sources */ = {
			isa = PBXSourcesBuildPhase;
			buildActionMask = 2147483647;
			files = (
				055641821D223EC100D7AB0E /* YFScaleScrollView_SwiftUITests.swift in Sources */,
			);
			runOnlyForDeploymentPostprocessing = 0;
		};
/* End PBXSourcesBuildPhase section */

/* Begin PBXTargetDependency section */
		055641741D223EC100D7AB0E /* PBXTargetDependency */ = {
			isa = PBXTargetDependency;
			target = 0556415D1D223EC100D7AB0E /* YFScaleScrollView-Swift */;
			targetProxy = 055641731D223EC100D7AB0E /* PBXContainerItemProxy */;
		};
		0556417F1D223EC100D7AB0E /* PBXTargetDependency */ = {
			isa = PBXTargetDependency;
			target = 0556415D1D223EC100D7AB0E /* YFScaleScrollView-Swift */;
			targetProxy = 0556417E1D223EC100D7AB0E /* PBXContainerItemProxy */;
		};
/* End PBXTargetDependency section */

/* Begin PBXVariantGroup section */
		055641651D223EC100D7AB0E /* Main.storyboard */ = {
			isa = PBXVariantGroup;
			children = (
				055641661D223EC100D7AB0E /* Base */,
			);
			name = Main.storyboard;
			sourceTree = "<group>";
		};
		0556416A1D223EC100D7AB0E /* LaunchScreen.storyboard */ = {
			isa = PBXVariantGroup;
			children = (
				0556416B1D223EC100D7AB0E /* Base */,
			);
			name = LaunchScreen.storyboard;
			sourceTree = "<group>";
		};
/* End PBXVariantGroup section */

/* Begin XCBuildConfiguration section */
		055641841D223EC100D7AB0E /* Debug */ = {
			isa = XCBuildConfiguration;
			buildSettings = {
				ALWAYS_SEARCH_USER_PATHS = NO;
				CLANG_ANALYZER_NONNULL = YES;
				CLANG_CXX_LANGUAGE_STANDARD = "gnu++0x";
				CLANG_CXX_LIBRARY = "libc++";
				CLANG_ENABLE_MODULES = YES;
				CLANG_ENABLE_OBJC_ARC = YES;
				CLANG_WARN_BOOL_CONVERSION = YES;
				CLANG_WARN_CONSTANT_CONVERSION = YES;
				CLANG_WARN_DIRECT_OBJC_ISA_USAGE = YES_ERROR;
				CLANG_WARN_EMPTY_BODY = YES;
				CLANG_WARN_ENUM_CONVERSION = YES;
				CLANG_WARN_INT_CONVERSION = YES;
				CLANG_WARN_OBJC_ROOT_CLASS = YES_ERROR;
				CLANG_WARN_UNREACHABLE_CODE = YES;
				CLANG_WARN__DUPLICATE_METHOD_MATCH = YES;
				"CODE_SIGN_IDENTITY[sdk=iphoneos*]" = "iPhone Developer";
				COPY_PHASE_STRIP = NO;
				DEBUG_INFORMATION_FORMAT = dwarf;
				ENABLE_STRICT_OBJC_MSGSEND = YES;
				ENABLE_TESTABILITY = YES;
				GCC_C_LANGUAGE_STANDARD = gnu99;
				GCC_DYNAMIC_NO_PIC = NO;
				GCC_NO_COMMON_BLOCKS = YES;
				GCC_OPTIMIZATION_LEVEL = 0;
				GCC_PREPROCESSOR_DEFINITIONS = (
					"DEBUG=1",
					"$(inherited)",
				);
				GCC_WARN_64_TO_32_BIT_CONVERSION = YES;
				GCC_WARN_ABOUT_RETURN_TYPE = YES_ERROR;
				GCC_WARN_UNDECLARED_SELECTOR = YES;
				GCC_WARN_UNINITIALIZED_AUTOS = YES_AGGRESSIVE;
				GCC_WARN_UNUSED_FUNCTION = YES;
				GCC_WARN_UNUSED_VARIABLE = YES;
				IPHONEOS_DEPLOYMENT_TARGET = 9.3;
				MTL_ENABLE_DEBUG_INFO = YES;
				ONLY_ACTIVE_ARCH = YES;
				SDKROOT = iphoneos;
				SWIFT_OPTIMIZATION_LEVEL = "-Onone";
			};
			name = Debug;
		};
		055641851D223EC100D7AB0E /* Release */ = {
			isa = XCBuildConfiguration;
			buildSettings = {
				ALWAYS_SEARCH_USER_PATHS = NO;
				CLANG_ANALYZER_NONNULL = YES;
				CLANG_CXX_LANGUAGE_STANDARD = "gnu++0x";
				CLANG_CXX_LIBRARY = "libc++";
				CLANG_ENABLE_MODULES = YES;
				CLANG_ENABLE_OBJC_ARC = YES;
				CLANG_WARN_BOOL_CONVERSION = YES;
				CLANG_WARN_CONSTANT_CONVERSION = YES;
				CLANG_WARN_DIRECT_OBJC_ISA_USAGE = YES_ERROR;
				CLANG_WARN_EMPTY_BODY = YES;
				CLANG_WARN_ENUM_CONVERSION = YES;
				CLANG_WARN_INT_CONVERSION = YES;
				CLANG_WARN_OBJC_ROOT_CLASS = YES_ERROR;
				CLANG_WARN_UNREACHABLE_CODE = YES;
				CLANG_WARN__DUPLICATE_METHOD_MATCH = YES;
				"CODE_SIGN_IDENTITY[sdk=iphoneos*]" = "iPhone Developer";
				COPY_PHASE_STRIP = NO;
				DEBUG_INFORMATION_FORMAT = "dwarf-with-dsym";
				ENABLE_NS_ASSERTIONS = NO;
				ENABLE_STRICT_OBJC_MSGSEND = YES;
				GCC_C_LANGUAGE_STANDARD = gnu99;
				GCC_NO_COMMON_BLOCKS = YES;
				GCC_WARN_64_TO_32_BIT_CONVERSION = YES;
				GCC_WARN_ABOUT_RETURN_TYPE = YES_ERROR;
				GCC_WARN_UNDECLARED_SELECTOR = YES;
				GCC_WARN_UNINITIALIZED_AUTOS = YES_AGGRESSIVE;
				GCC_WARN_UNUSED_FUNCTION = YES;
				GCC_WARN_UNUSED_VARIABLE = YES;
				IPHONEOS_DEPLOYMENT_TARGET = 9.3;
				MTL_ENABLE_DEBUG_INFO = NO;
				SDKROOT = iphoneos;
				VALIDATE_PRODUCT = YES;
			};
			name = Release;
		};
		055641871D223EC100D7AB0E /* Debug */ = {
			isa = XCBuildConfiguration;
			buildSettings = {
				ASSETCATALOG_COMPILER_APPICON_NAME = AppIcon;
				INFOPLIST_FILE = "YFScaleScrollView-Swift/Info.plist";
				LD_RUNPATH_SEARCH_PATHS = "$(inherited) @executable_path/Frameworks";
				PRODUCT_BUNDLE_IDENTIFIER = "com.haidai.YFScaleScrollView-Swift";
				PRODUCT_NAME = "$(TARGET_NAME)";
			};
			name = Debug;
		};
		055641881D223EC100D7AB0E /* Release */ = {
			isa = XCBuildConfiguration;
			buildSettings = {
				ASSETCATALOG_COMPILER_APPICON_NAME = AppIcon;
				INFOPLIST_FILE = "YFScaleScrollView-Swift/Info.plist";
				LD_RUNPATH_SEARCH_PATHS = "$(inherited) @executable_path/Frameworks";
				PRODUCT_BUNDLE_IDENTIFIER = "com.haidai.YFScaleScrollView-Swift";
				PRODUCT_NAME = "$(TARGET_NAME)";
			};
			name = Release;
		};
		0556418A1D223EC100D7AB0E /* Debug */ = {
			isa = XCBuildConfiguration;
			buildSettings = {
				BUNDLE_LOADER = "$(TEST_HOST)";
				INFOPLIST_FILE = "YFScaleScrollView-SwiftTests/Info.plist";
				LD_RUNPATH_SEARCH_PATHS = "$(inherited) @executable_path/Frameworks @loader_path/Frameworks";
				PRODUCT_BUNDLE_IDENTIFIER = "com.haidai.YFScaleScrollView-SwiftTests";
				PRODUCT_NAME = "$(TARGET_NAME)";
				TEST_HOST = "$(BUILT_PRODUCTS_DIR)/YFScaleScrollView-Swift.app/YFScaleScrollView-Swift";
			};
			name = Debug;
		};
		0556418B1D223EC100D7AB0E /* Release */ = {
			isa = XCBuildConfiguration;
			buildSettings = {
				BUNDLE_LOADER = "$(TEST_HOST)";
				INFOPLIST_FILE = "YFScaleScrollView-SwiftTests/Info.plist";
				LD_RUNPATH_SEARCH_PATHS = "$(inherited) @executable_path/Frameworks @loader_path/Frameworks";
				PRODUCT_BUNDLE_IDENTIFIER = "com.haidai.YFScaleScrollView-SwiftTests";
				PRODUCT_NAME = "$(TARGET_NAME)";
				TEST_HOST = "$(BUILT_PRODUCTS_DIR)/YFScaleScrollView-Swift.app/YFScaleScrollView-Swift";
			};
			name = Release;
		};
		0556418D1D223EC100D7AB0E /* Debug */ = {
			isa = XCBuildConfiguration;
			buildSettings = {
				INFOPLIST_FILE = "YFScaleScrollView-SwiftUITests/Info.plist";
				LD_RUNPATH_SEARCH_PATHS = "$(inherited) @executable_path/Frameworks @loader_path/Frameworks";
				PRODUCT_BUNDLE_IDENTIFIER = "com.haidai.YFScaleScrollView-SwiftUITests";
				PRODUCT_NAME = "$(TARGET_NAME)";
				TEST_TARGET_NAME = "YFScaleScrollView-Swift";
			};
			name = Debug;
		};
		0556418E1D223EC100D7AB0E /* Release */ = {
			isa = XCBuildConfiguration;
			buildSettings = {
				INFOPLIST_FILE = "YFScaleScrollView-SwiftUITests/Info.plist";
				LD_RUNPATH_SEARCH_PATHS = "$(inherited) @executable_path/Frameworks @loader_path/Frameworks";
				PRODUCT_BUNDLE_IDENTIFIER = "com.haidai.YFScaleScrollView-SwiftUITests";
				PRODUCT_NAME = "$(TARGET_NAME)";
				TEST_TARGET_NAME = "YFScaleScrollView-Swift";
			};
			name = Release;
		};
/* End XCBuildConfiguration section */

/* Begin XCConfigurationList section */
		055641591D223EC100D7AB0E /* Build configuration list for PBXProject "YFScaleScrollView-Swift" */ = {
			isa = XCConfigurationList;
			buildConfigurations = (
				055641841D223EC100D7AB0E /* Debug */,
				055641851D223EC100D7AB0E /* Release */,
			);
			defaultConfigurationIsVisible = 0;
			defaultConfigurationName = Release;
		};
		055641861D223EC100D7AB0E /* Build configuration list for PBXNativeTarget "YFScaleScrollView-Swift" */ = {
			isa = XCConfigurationList;
			buildConfigurations = (
				055641871D223EC100D7AB0E /* Debug */,
				055641881D223EC100D7AB0E /* Release */,
			);
			defaultConfigurationIsVisible = 0;
		};
		055641891D223EC100D7AB0E /* Build configuration list for PBXNativeTarget "YFScaleScrollView-SwiftTests" */ = {
			isa = XCConfigurationList;
			buildConfigurations = (
				0556418A1D223EC100D7AB0E /* Debug */,
				0556418B1D223EC100D7AB0E /* Release */,
			);
			defaultConfigurationIsVisible = 0;
		};
		0556418C1D223EC100D7AB0E /* Build configuration list for PBXNativeTarget "YFScaleScrollView-SwiftUITests" */ = {
			isa = XCConfigurationList;
			buildConfigurations = (
				0556418D1D223EC100D7AB0E /* Debug */,
				0556418E1D223EC100D7AB0E /* Release */,
			);
			defaultConfigurationIsVisible = 0;
		};
/* End XCConfigurationList section */
	};
	rootObject = 055641561D223EC100D7AB0E /* Project object */;
}
